
Microsoft Visual Studio Solution File, Format Version 12.00
# Visual Studio 2013
VisualStudioVersion = 12.0.21005.1
MinimumVisualStudioVersion = 10.0.40219.1
Project("{FAE04EC0-301F-11D3-BF4B-00C04F79EFBC}") = "DataAccessLayer", "DataAccessLayer\DataAccessLayer.csproj", "{7E28A2C0-5327-4F22-B012-76D81B9061DA}"
EndProject
Project("{FAE04EC0-301F-11D3-BF4B-00C04F79EFBC}") = "BusinessLogicLayer", "BusinessLogicLayer\BusinessLogicLayer.csproj", "{5AC14E4C-521D-4001-9733-60A89CC5F59D}"
EndProject
Project("{FAE04EC0-301F-11D3-BF4B-00C04F79EFBC}") = "SIP", "SIP\SIP.csproj", "{A95D3F9D-B2CB-4F96-999F-46A8416E3DAC}"
EndProject
Global
	GlobalSection(SolutionConfigurationPlatforms) = preSolution
		Debug|Any CPU = Debug|Any CPU
		Release|Any CPU = Release|Any CPU
	EndGlobalSection
	GlobalSection(ProjectConfigurationPlatforms) = postSolution
		{7E28A2C0-5327-4F22-B012-76D81B9061DA}.Debug|Any CPU.ActiveCfg = Debug|Any CPU
		{7E28A2C0-5327-4F22-B012-76D81B9061DA}.Debug|Any CPU.Build.0 = Debug|Any CPU
		{7E28A2C0-5327-4F22-B012-76D81B9061DA}.Release|Any CPU.ActiveCfg = Release|Any CPU
		{7E28A2C0-5327-4F22-B012-76D81B9061DA}.Release|Any CPU.Build.0 = Release|Any CPU
		{5AC14E4C-521D-4001-9733-60A89CC5F59D}.Debug|Any CPU.ActiveCfg = Debug|Any CPU
		{5AC14E4C-521D-4001-9733-60A89CC5F59D}.Debug|Any CPU.Build.0 = Debug|Any CPU
		{5AC14E4C-521D-4001-9733-60A89CC5F59D}.Release|Any CPU.ActiveCfg = Release|Any CPU
		{5AC14E4C-521D-4001-9733-60A89CC5F59D}.Release|Any CPU.Build.0 = Release|Any CPU
		{A95D3F9D-B2CB-4F96-999F-46A8416E3DAC}.Debug|Any CPU.ActiveCfg = Debug|Any CPU
		{A95D3F9D-B2CB-4F96-999F-46A8416E3DAC}.Debug|Any CPU.Build.0 = Debug|Any CPU
		{A95D3F9D-B2CB-4F96-999F-46A8416E3DAC}.Release|Any CPU.ActiveCfg = Release|Any CPU
		{A95D3F9D-B2CB-4F96-999F-46A8416E3DAC}.Release|Any CPU.Build.0 = Release|Any CPU
	EndGlobalSection
	GlobalSection(SolutionProperties) = preSolution
		HideSolutionNode = FALSE
	EndGlobalSection
	GlobalSection(SubversionScc) = preSolution
		Svn-Managed = True
		Manager = AnkhSVN - Subversion Support for Visual Studio
	EndGlobalSection
EndGlobal
